github.com/davecgh/go-spew v1.1.1 h1:vj9j/u1bqnvCEfJOwUhtlOARqs3+rkHYY13jYWTU97c=
github.com/davecgh/go-spew v1.1.1/go.mod h1:J7Y8YcW2NihsgmVo/mv3lAwl/skON4iLHjSsI+c5H38=
github.com/sethvargo/go-githubactions v0.5.3 h1:moF/bzlaUUFAz8lu4/xnDQ5NPYoov5RvsINNLsprnr8=
github.com/sethvargo/go-githubactions v0.5.3/go.mod h1:ugCoIFQjs7HxIwwYiY7ty6H9T+7Z4ey481HxqA3VRKE=
golang.org/x/tools v0.1.10 h1:QjFRCZxdOhBJ/UNgnBZLbNV13DlbnK0quyivTnXJM20=
golang.org/x/tools v0.1.10/go.mod h1:Uh6Zz+xoGYZom868N8YTex3t7RhtHDBrE8Gzo9bV56E=
